// !$*UTF8*$!
{
	archiveVersion = 1;
	classes = {
	};
	objectVersion = 46;
	objects = {

/* Begin PBXBuildFile section */
		221AEEC91BB38405006F19A9 /* Constants.swift in Sources */ = {isa = PBXBuildFile; fileRef = 221AEEC41BB38405006F19A9 /* Constants.swift */; settings = {ASSET_TAGS = (); }; };
		221AEECA1BB38405006F19A9 /* pacManSplashScreen.png in Resources */ = {isa = PBXBuildFile; fileRef = 221AEEC61BB38405006F19A9 /* pacManSplashScreen.png */; settings = {ASSET_TAGS = (); }; };
		221AEECB1BB38405006F19A9 /* pacManSplashScreen@2x.png in Resources */ = {isa = PBXBuildFile; fileRef = 221AEEC71BB38405006F19A9 /* pacManSplashScreen@2x.png */; settings = {ASSET_TAGS = (); }; };
		221AEECC1BB38405006F19A9 /* pacManSplashScreen@3x.png in Resources */ = {isa = PBXBuildFile; fileRef = 221AEEC81BB38405006F19A9 /* pacManSplashScreen@3x.png */; settings = {ASSET_TAGS = (); }; };
		221AEED31BB3841E006F19A9 /* ConsumerModel.swift in Sources */ = {isa = PBXBuildFile; fileRef = 221AEECD1BB3841E006F19A9 /* ConsumerModel.swift */; settings = {ASSET_TAGS = (); }; };
		221AEED41BB3841E006F19A9 /* PizzaConsumerModel.swift in Sources */ = {isa = PBXBuildFile; fileRef = 221AEECE1BB3841E006F19A9 /* PizzaConsumerModel.swift */; settings = {ASSET_TAGS = (); }; };
		221AEED51BB3841E006F19A9 /* FoodModel.swift in Sources */ = {isa = PBXBuildFile; fileRef = 221AEECF1BB3841E006F19A9 /* FoodModel.swift */; settings = {ASSET_TAGS = (); }; };
		221AEED61BB3841E006F19A9 /* PizzaModel.swift in Sources */ = {isa = PBXBuildFile; fileRef = 221AEED01BB3841E006F19A9 /* PizzaModel.swift */; settings = {ASSET_TAGS = (); }; };
		221AEED71BB3841E006F19A9 /* Enum.swift in Sources */ = {isa = PBXBuildFile; fileRef = 221AEED11BB3841E006F19A9 /* Enum.swift */; settings = {ASSET_TAGS = (); }; };
		22A642901BAD4DA8002B6A4D /* AppDelegate.swift in Sources */ = {isa = PBXBuildFile; fileRef = 22A6428F1BAD4DA8002B6A4D /* AppDelegate.swift */; };
		22A642921BAD4DA8002B6A4D /* ViewController.swift in Sources */ = {isa = PBXBuildFile; fileRef = 22A642911BAD4DA8002B6A4D /* ViewController.swift */; };
		22A642951BAD4DA8002B6A4D /* Main.storyboard in Resources */ = {isa = PBXBuildFile; fileRef = 22A642931BAD4DA8002B6A4D /* Main.storyboard */; settings = {ASSET_TAGS = (toHome, ); }; };
		22A642971BAD4DA8002B6A4D /* Assets.xcassets in Resources */ = {isa = PBXBuildFile; fileRef = 22A642961BAD4DA8002B6A4D /* Assets.xcassets */; };
		22A6429A1BAD4DA8002B6A4D /* LaunchScreen.storyboard in Resources */ = {isa = PBXBuildFile; fileRef = 22A642981BAD4DA8002B6A4D /* LaunchScreen.storyboard */; };
		22A642A51BAD4DA8002B6A4D /* PizzaRellaTests.swift in Sources */ = {isa = PBXBuildFile; fileRef = 22A642A41BAD4DA8002B6A4D /* PizzaRellaTests.swift */; };
		22A642B01BAD4DA8002B6A4D /* PizzaRellaUITests.swift in Sources */ = {isa = PBXBuildFile; fileRef = 22A642AF1BAD4DA8002B6A4D /* PizzaRellaUITests.swift */; };
		22B2CD951BB4F97E00719E1D /* PizzaBackEnd.swift in Sources */ = {isa = PBXBuildFile; fileRef = 22B2CD941BB4F97E00719E1D /* PizzaBackEnd.swift */; settings = {ASSET_TAGS = (); }; };
		22B2CD971BB503BD00719E1D /* LoginForm.swift in Sources */ = {isa = PBXBuildFile; fileRef = 22B2CD961BB503BD00719E1D /* LoginForm.swift */; settings = {ASSET_TAGS = (); }; };
		22B2CD991BB5044600719E1D /* SignUpForm.swift in Sources */ = {isa = PBXBuildFile; fileRef = 22B2CD981BB5044600719E1D /* SignUpForm.swift */; settings = {ASSET_TAGS = (); }; };
		22EA8CF51BBF00F4007B8A6B /* SwiftyJSON.swift in Resources */ = {isa = PBXBuildFile; fileRef = 22EA8CF41BBF00F4007B8A6B /* SwiftyJSON.swift */; };
		22EA8CF61BBF02E2007B8A6B /* testJson.json in Resources */ = {isa = PBXBuildFile; fileRef = 229434D21BBDDAA7001D636A /* testJson.json */; };
		3EC1E015ABFEB04E5A0D89A4 /* BackEndMockObject.swift in Sources */ = {isa = PBXBuildFile; fileRef = 3EC1E232A3477ECF9BF884A5 /* BackEndMockObject.swift */; };
		3EC1E664364D341DB673FEE7 /* SimulateBackendServices.swift in Sources */ = {isa = PBXBuildFile; fileRef = 3EC1E20250E0CE7B61473497 /* SimulateBackendServices.swift */; };
		6AD013E43173B6D63E067830 /* Pods_PizzaRella.framework in Frameworks */ = {isa = PBXBuildFile; fileRef = 76DCAD5DC67FE2D435F63D96 /* Pods_PizzaRella.framework */; settings = {ATTRIBUTES = (Weak, ); }; };
/* End PBXBuildFile section */

/* Begin PBXContainerItemProxy section */
		22A642A11BAD4DA8002B6A4D /* PBXContainerItemProxy */ = {
			isa = PBXContainerItemProxy;
			containerPortal = 22A642841BAD4DA8002B6A4D /* Project object */;
			proxyType = 1;
			remoteGlobalIDString = 22A6428B1BAD4DA8002B6A4D;
			remoteInfo = PizzaRella;
		};
		22A642AC1BAD4DA8002B6A4D /* PBXContainerItemProxy */ = {
			isa = PBXContainerItemProxy;
			containerPortal = 22A642841BAD4DA8002B6A4D /* Project object */;
			proxyType = 1;
			remoteGlobalIDString = 22A6428B1BAD4DA8002B6A4D;
			remoteInfo = PizzaRella;
		};
/* End PBXContainerItemProxy section */

/* Begin PBXFileReference section */
		221AEEC41BB38405006F19A9 /* Constants.swift */ = {isa = PBXFileReference; fileEncoding = 4; lastKnownFileType = sourcecode.swift; path = Constants.swift; sourceTree = "<group>"; };
		221AEEC61BB38405006F19A9 /* pacManSplashScreen.png */ = {isa = PBXFileReference; lastKnownFileType = image.png; name = pacManSplashScreen.png; path = /Users/Davix/Source/PizzaRella/PizzaRella/../../Design/PizzaRella/Exports/pacManSplashScreen.png; sourceTree = "<absolute>"; };
		221AEEC71BB38405006F19A9 /* pacManSplashScreen@2x.png */ = {isa = PBXFileReference; lastKnownFileType = image.png; name = "pacManSplashScreen@2x.png"; path = "/Users/Davix/Source/PizzaRella/PizzaRella/../../Design/PizzaRella/Exports/pacManSplashScreen@2x.png"; sourceTree = "<absolute>"; };
		221AEEC81BB38405006F19A9 /* pacManSplashScreen@3x.png */ = {isa = PBXFileReference; lastKnownFileType = image.png; name = "pacManSplashScreen@3x.png"; path = "/Users/Davix/Source/PizzaRella/PizzaRella/../../Design/PizzaRella/Exports/pacManSplashScreen@3x.png"; sourceTree = "<absolute>"; };
		221AEECD1BB3841E006F19A9 /* ConsumerModel.swift */ = {isa = PBXFileReference; fileEncoding = 4; lastKnownFileType = sourcecode.swift; path = ConsumerModel.swift; sourceTree = "<group>"; };
		221AEECE1BB3841E006F19A9 /* PizzaConsumerModel.swift */ = {isa = PBXFileReference; fileEncoding = 4; lastKnownFileType = sourcecode.swift; path = PizzaConsumerModel.swift; sourceTree = "<group>"; };
		221AEECF1BB3841E006F19A9 /* FoodModel.swift */ = {isa = PBXFileReference; fileEncoding = 4; lastKnownFileType = sourcecode.swift; path = FoodModel.swift; sourceTree = "<group>"; };
		221AEED01BB3841E006F19A9 /* PizzaModel.swift */ = {isa = PBXFileReference; fileEncoding = 4; lastKnownFileType = sourcecode.swift; path = PizzaModel.swift; sourceTree = "<group>"; };
		221AEED11BB3841E006F19A9 /* Enum.swift */ = {isa = PBXFileReference; fileEncoding = 4; lastKnownFileType = sourcecode.swift; path = Enum.swift; sourceTree = "<group>"; };
		221AEEDA1BB3E043006F19A9 /* Objective-CBridgingHeader.h */ = {isa = PBXFileReference; lastKnownFileType = sourcecode.c.h; path = "Objective-CBridgingHeader.h"; sourceTree = "<group>"; };
		229434D21BBDDAA7001D636A /* testJson.json */ = {isa = PBXFileReference; fileEncoding = 4; lastKnownFileType = text.json; name = testJson.json; path = PizzaRella/testJson.json; sourceTree = "<group>"; };
		22A6428C1BAD4DA8002B6A4D /* PizzaRella.app */ = {isa = PBXFileReference; explicitFileType = wrapper.application; includeInIndex = 0; path = PizzaRella.app; sourceTree = BUILT_PRODUCTS_DIR; };
		22A6428F1BAD4DA8002B6A4D /* AppDelegate.swift */ = {isa = PBXFileReference; lastKnownFileType = sourcecode.swift; path = AppDelegate.swift; sourceTree = "<group>"; };
		22A642911BAD4DA8002B6A4D /* ViewController.swift */ = {isa = PBXFileReference; lastKnownFileType = sourcecode.swift; path = ViewController.swift; sourceTree = "<group>"; };
		22A642941BAD4DA8002B6A4D /* Base */ = {isa = PBXFileReference; lastKnownFileType = file.storyboard; name = Base; path = Base.lproj/Main.storyboard; sourceTree = "<group>"; };
		22A642961BAD4DA8002B6A4D /* Assets.xcassets */ = {isa = PBXFileReference; lastKnownFileType = folder.assetcatalog; path = Assets.xcassets; sourceTree = "<group>"; };
		22A642991BAD4DA8002B6A4D /* Base */ = {isa = PBXFileReference; lastKnownFileType = file.storyboard; name = Base; path = Base.lproj/LaunchScreen.storyboard; sourceTree = "<group>"; };
		22A6429B1BAD4DA8002B6A4D /* Info.plist */ = {isa = PBXFileReference; lastKnownFileType = text.plist.xml; path = Info.plist; sourceTree = "<group>"; };
		22A642A01BAD4DA8002B6A4D /* PizzaRellaTests.xctest */ = {isa = PBXFileReference; explicitFileType = wrapper.cfbundle; includeInIndex = 0; path = PizzaRellaTests.xctest; sourceTree = BUILT_PRODUCTS_DIR; };
		22A642A41BAD4DA8002B6A4D /* PizzaRellaTests.swift */ = {isa = PBXFileReference; lastKnownFileType = sourcecode.swift; path = PizzaRellaTests.swift; sourceTree = "<group>"; };
		22A642A61BAD4DA8002B6A4D /* Info.plist */ = {isa = PBXFileReference; lastKnownFileType = text.plist.xml; path = Info.plist; sourceTree = "<group>"; };
		22A642AB1BAD4DA8002B6A4D /* PizzaRellaUITests.xctest */ = {isa = PBXFileReference; explicitFileType = wrapper.cfbundle; includeInIndex = 0; path = PizzaRellaUITests.xctest; sourceTree = BUILT_PRODUCTS_DIR; };
		22A642AF1BAD4DA8002B6A4D /* PizzaRellaUITests.swift */ = {isa = PBXFileReference; lastKnownFileType = sourcecode.swift; path = PizzaRellaUITests.swift; sourceTree = "<group>"; };
		22A642B11BAD4DA8002B6A4D /* Info.plist */ = {isa = PBXFileReference; lastKnownFileType = text.plist.xml; path = Info.plist; sourceTree = "<group>"; };
		22B2CD941BB4F97E00719E1D /* PizzaBackEnd.swift */ = {isa = PBXFileReference; fileEncoding = 4; lastKnownFileType = sourcecode.swift; path = PizzaBackEnd.swift; sourceTree = "<group>"; };
		22B2CD961BB503BD00719E1D /* LoginForm.swift */ = {isa = PBXFileReference; fileEncoding = 4; lastKnownFileType = sourcecode.swift; path = LoginForm.swift; sourceTree = "<group>"; };
		22B2CD981BB5044600719E1D /* SignUpForm.swift */ = {isa = PBXFileReference; fileEncoding = 4; lastKnownFileType = sourcecode.swift; path = SignUpForm.swift; sourceTree = "<group>"; };
		22EA8CF41BBF00F4007B8A6B /* SwiftyJSON.swift */ = {isa = PBXFileReference; lastKnownFileType = sourcecode.swift; name = SwiftyJSON.swift; path = Pods/SwiftyJSON/Source/SwiftyJSON.swift; sourceTree = "<group>"; };
		3EC1E20250E0CE7B61473497 /* SimulateBackendServices.swift */ = {isa = PBXFileReference; fileEncoding = 4; lastKnownFileType = sourcecode.swift; path = SimulateBackendServices.swift; sourceTree = "<group>"; };
		3EC1E232A3477ECF9BF884A5 /* BackEndMockObject.swift */ = {isa = PBXFileReference; fileEncoding = 4; lastKnownFileType = sourcecode.swift; path = BackEndMockObject.swift; sourceTree = "<group>"; };
		6DEB4BE8617F413089B06A8C /* Pods-PizzaRella.release.xcconfig */ = {isa = PBXFileReference; includeInIndex = 1; lastKnownFileType = text.xcconfig; name = "Pods-PizzaRella.release.xcconfig"; path = "Pods/Target Support Files/Pods-PizzaRella/Pods-PizzaRella.release.xcconfig"; sourceTree = "<group>"; };
		76DCAD5DC67FE2D435F63D96 /* Pods_PizzaRella.framework */ = {isa = PBXFileReference; explicitFileType = wrapper.framework; includeInIndex = 0; path = Pods_PizzaRella.framework; sourceTree = BUILT_PRODUCTS_DIR; };
		7A0AECAF31020F770E877489 /* Pods-PizzaRella.debug.xcconfig */ = {isa = PBXFileReference; includeInIndex = 1; lastKnownFileType = text.xcconfig; name = "Pods-PizzaRella.debug.xcconfig"; path = "Pods/Target Support Files/Pods-PizzaRella/Pods-PizzaRella.debug.xcconfig"; sourceTree = "<group>"; };
/* End PBXFileReference section */

/* Begin PBXFrameworksBuildPhase section */
		22A642891BAD4DA8002B6A4D /* Frameworks */ = {
			isa = PBXFrameworksBuildPhase;
			buildActionMask = 2147483647;
			files = (
				6AD013E43173B6D63E067830 /* Pods_PizzaRella.framework in Frameworks */,
			);
			runOnlyForDeploymentPostprocessing = 0;
		};
		22A6429D1BAD4DA8002B6A4D /* Frameworks */ = {
			isa = PBXFrameworksBuildPhase;
			buildActionMask = 2147483647;
			files = (
			);
			runOnlyForDeploymentPostprocessing = 0;
		};
		22A642A81BAD4DA8002B6A4D /* Frameworks */ = {
			isa = PBXFrameworksBuildPhase;
			buildActionMask = 2147483647;
			files = (
			);
			runOnlyForDeploymentPostprocessing = 0;
		};
/* End PBXFrameworksBuildPhase section */

/* Begin PBXGroup section */
		221AEEC11BB38405006F19A9 /* Views */ = {
			isa = PBXGroup;
			children = (
			);
			name = Views;
			path = ../Views;
			sourceTree = "<group>";
		};
		221AEEC21BB38405006F19A9 /* ViewModels */ = {
			isa = PBXGroup;
			children = (
			);
			name = ViewModels;
			path = ../ViewModels;
			sourceTree = "<group>";
		};
		221AEEC31BB38405006F19A9 /* Stores */ = {
			isa = PBXGroup;
			children = (
				22B2CD941BB4F97E00719E1D /* PizzaBackEnd.swift */,
				3EC1E20250E0CE7B61473497 /* SimulateBackendServices.swift */,
				3EC1E232A3477ECF9BF884A5 /* BackEndMockObject.swift */,
			);
			name = Stores;
			path = ../Stores;
			sourceTree = "<group>";
		};
		221AEEC51BB38405006F19A9 /* Helpers */ = {
			isa = PBXGroup;
			children = (
				221AEEC41BB38405006F19A9 /* Constants.swift */,
				22B2CD961BB503BD00719E1D /* LoginForm.swift */,
				22B2CD981BB5044600719E1D /* SignUpForm.swift */,
			);
			name = Helpers;
			path = ../Helpers;
			sourceTree = "<group>";
		};
		221AEED21BB3841E006F19A9 /* Models */ = {
			isa = PBXGroup;
			children = (
				221AEECD1BB3841E006F19A9 /* ConsumerModel.swift */,
				221AEECE1BB3841E006F19A9 /* PizzaConsumerModel.swift */,
				221AEECF1BB3841E006F19A9 /* FoodModel.swift */,
				221AEED01BB3841E006F19A9 /* PizzaModel.swift */,
				221AEED11BB3841E006F19A9 /* Enum.swift */,
			);
			name = Models;
			path = ../Models;
			sourceTree = "<group>";
		};
		22A642831BAD4DA8002B6A4D = {
			isa = PBXGroup;
			children = (
				229434D21BBDDAA7001D636A /* testJson.json */,
				22EA8CF41BBF00F4007B8A6B /* SwiftyJSON.swift */,
				221AEEDA1BB3E043006F19A9 /* Objective-CBridgingHeader.h */,
				22A6428E1BAD4DA8002B6A4D /* PizzaRella */,
				22A642A31BAD4DA8002B6A4D /* PizzaRellaTests */,
				22A642AE1BAD4DA8002B6A4D /* PizzaRellaUITests */,
				22A6428D1BAD4DA8002B6A4D /* Products */,
				5EDFEFA729A6369B7A603842 /* Pods */,
				AE22C4765910FDD2B2D7B517 /* Frameworks */,
			);
			sourceTree = "<group>";
		};
		22A6428D1BAD4DA8002B6A4D /* Products */ = {
			isa = PBXGroup;
			children = (
				22A6428C1BAD4DA8002B6A4D /* PizzaRella.app */,
				22A642A01BAD4DA8002B6A4D /* PizzaRellaTests.xctest */,
				22A642AB1BAD4DA8002B6A4D /* PizzaRellaUITests.xctest */,
			);
			name = Products;
			sourceTree = "<group>";
		};
		22A6428E1BAD4DA8002B6A4D /* PizzaRella */ = {
			isa = PBXGroup;
			children = (
				221AEED21BB3841E006F19A9 /* Models */,
				221AEEC11BB38405006F19A9 /* Views */,
				221AEEC21BB38405006F19A9 /* ViewModels */,
				221AEEC31BB38405006F19A9 /* Stores */,
				221AEEC51BB38405006F19A9 /* Helpers */,
				221AEEC61BB38405006F19A9 /* pacManSplashScreen.png */,
				221AEEC71BB38405006F19A9 /* pacManSplashScreen@2x.png */,
				221AEEC81BB38405006F19A9 /* pacManSplashScreen@3x.png */,
				22A6428F1BAD4DA8002B6A4D /* AppDelegate.swift */,
				22A642911BAD4DA8002B6A4D /* ViewController.swift */,
				22A642931BAD4DA8002B6A4D /* Main.storyboard */,
				22A642961BAD4DA8002B6A4D /* Assets.xcassets */,
				22A642981BAD4DA8002B6A4D /* LaunchScreen.storyboard */,
				22A6429B1BAD4DA8002B6A4D /* Info.plist */,
			);
			path = PizzaRella;
			sourceTree = "<group>";
		};
		22A642A31BAD4DA8002B6A4D /* PizzaRellaTests */ = {
			isa = PBXGroup;
			children = (
				22A642A41BAD4DA8002B6A4D /* PizzaRellaTests.swift */,
				22A642A61BAD4DA8002B6A4D /* Info.plist */,
			);
			path = PizzaRellaTests;
			sourceTree = "<group>";
		};
		22A642AE1BAD4DA8002B6A4D /* PizzaRellaUITests */ = {
			isa = PBXGroup;
			children = (
				22A642AF1BAD4DA8002B6A4D /* PizzaRellaUITests.swift */,
				22A642B11BAD4DA8002B6A4D /* Info.plist */,
			);
			path = PizzaRellaUITests;
			sourceTree = "<group>";
		};
		5EDFEFA729A6369B7A603842 /* Pods */ = {
			isa = PBXGroup;
			children = (
				7A0AECAF31020F770E877489 /* Pods-PizzaRella.debug.xcconfig */,
				6DEB4BE8617F413089B06A8C /* Pods-PizzaRella.release.xcconfig */,
			);
			name = Pods;
			sourceTree = "<group>";
		};
		AE22C4765910FDD2B2D7B517 /* Frameworks */ = {
			isa = PBXGroup;
			children = (
				76DCAD5DC67FE2D435F63D96 /* Pods_PizzaRella.framework */,
			);
			name = Frameworks;
			sourceTree = "<group>";
		};
/* End PBXGroup section */

/* Begin PBXNativeTarget section */
		22A6428B1BAD4DA8002B6A4D /* PizzaRella */ = {
			isa = PBXNativeTarget;
			buildConfigurationList = 22A642B41BAD4DA8002B6A4D /* Build configuration list for PBXNativeTarget "PizzaRella" */;
			buildPhases = (
				77A8139EDFDC82ECD4B7A1D6 /* Check Pods Manifest.lock */,
				22A642881BAD4DA8002B6A4D /* Sources */,
				22A642891BAD4DA8002B6A4D /* Frameworks */,
				22A6428A1BAD4DA8002B6A4D /* Resources */,
				F0F3D7450841590CDB287912 /* Embed Pods Frameworks */,
				EDB1B2F41AF68B0602A362EA /* Copy Pods Resources */,
			);
			buildRules = (
			);
			dependencies = (
			);
			name = PizzaRella;
			productName = PizzaRella;
			productReference = 22A6428C1BAD4DA8002B6A4D /* PizzaRella.app */;
			productType = "com.apple.product-type.application";
		};
		22A6429F1BAD4DA8002B6A4D /* PizzaRellaTests */ = {
			isa = PBXNativeTarget;
			buildConfigurationList = 22A642B71BAD4DA8002B6A4D /* Build configuration list for PBXNativeTarget "PizzaRellaTests" */;
			buildPhases = (
				22A6429C1BAD4DA8002B6A4D /* Sources */,
				22A6429D1BAD4DA8002B6A4D /* Frameworks */,
				22A6429E1BAD4DA8002B6A4D /* Resources */,
			);
			buildRules = (
			);
			dependencies = (
				22A642A21BAD4DA8002B6A4D /* PBXTargetDependency */,
			);
			name = PizzaRellaTests;
			productName = PizzaRellaTests;
			productReference = 22A642A01BAD4DA8002B6A4D /* PizzaRellaTests.xctest */;
			productType = "com.apple.product-type.bundle.unit-test";
		};
		22A642AA1BAD4DA8002B6A4D /* PizzaRellaUITests */ = {
			isa = PBXNativeTarget;
			buildConfigurationList = 22A642BA1BAD4DA8002B6A4D /* Build configuration list for PBXNativeTarget "PizzaRellaUITests" */;
			buildPhases = (
				22A642A71BAD4DA8002B6A4D /* Sources */,
				22A642A81BAD4DA8002B6A4D /* Frameworks */,
				22A642A91BAD4DA8002B6A4D /* Resources */,
			);
			buildRules = (
			);
			dependencies = (
				22A642AD1BAD4DA8002B6A4D /* PBXTargetDependency */,
			);
			name = PizzaRellaUITests;
			productName = PizzaRellaUITests;
			productReference = 22A642AB1BAD4DA8002B6A4D /* PizzaRellaUITests.xctest */;
			productType = "com.apple.product-type.bundle.ui-testing";
		};
/* End PBXNativeTarget section */

/* Begin PBXProject section */
		22A642841BAD4DA8002B6A4D /* Project object */ = {
			isa = PBXProject;
			attributes = {
				KnownAssetTags = (
					toHome,
				);
				LastUpgradeCheck = 0700;
				ORGANIZATIONNAME = PizzaRellaProj;
				TargetAttributes = {
					22A6428B1BAD4DA8002B6A4D = {
						CreatedOnToolsVersion = 7.0;
					};
					22A6429F1BAD4DA8002B6A4D = {
						CreatedOnToolsVersion = 7.0;
						TestTargetID = 22A6428B1BAD4DA8002B6A4D;
					};
					22A642AA1BAD4DA8002B6A4D = {
						CreatedOnToolsVersion = 7.0;
						TestTargetID = 22A6428B1BAD4DA8002B6A4D;
					};
				};
			};
			buildConfigurationList = 22A642871BAD4DA8002B6A4D /* Build configuration list for PBXProject "PizzaRella" */;
			compatibilityVersion = "Xcode 3.2";
			developmentRegion = English;
			hasScannedForEncodings = 0;
			knownRegions = (
				en,
				Base,
			);
			mainGroup = 22A642831BAD4DA8002B6A4D;
			productRefGroup = 22A6428D1BAD4DA8002B6A4D /* Products */;
			projectDirPath = "";
			projectRoot = "";
			targets = (
				22A6428B1BAD4DA8002B6A4D /* PizzaRella */,
				22A6429F1BAD4DA8002B6A4D /* PizzaRellaTests */,
				22A642AA1BAD4DA8002B6A4D /* PizzaRellaUITests */,
			);
		};
/* End PBXProject section */

/* Begin PBXResourcesBuildPhase section */
		22A6428A1BAD4DA8002B6A4D /* Resources */ = {
			isa = PBXResourcesBuildPhase;
			buildActionMask = 2147483647;
			files = (
				221AEECC1BB38405006F19A9 /* pacManSplashScreen@3x.png in Resources */,
				22EA8CF61BBF02E2007B8A6B /* testJson.json in Resources */,
				221AEECA1BB38405006F19A9 /* pacManSplashScreen.png in Resources */,
				22A6429A1BAD4DA8002B6A4D /* LaunchScreen.storyboard in Resources */,
				22A642971BAD4DA8002B6A4D /* Assets.xcassets in Resources */,
				22A642951BAD4DA8002B6A4D /* Main.storyboard in Resources */,
				221AEECB1BB38405006F19A9 /* pacManSplashScreen@2x.png in Resources */,
				22EA8CF51BBF00F4007B8A6B /* SwiftyJSON.swift in Resources */,
			);
			runOnlyForDeploymentPostprocessing = 0;
		};
		22A6429E1BAD4DA8002B6A4D /* Resources */ = {
			isa = PBXResourcesBuildPhase;
			buildActionMask = 2147483647;
			files = (
			);
			runOnlyForDeploymentPostprocessing = 0;
		};
		22A642A91BAD4DA8002B6A4D /* Resources */ = {
			isa = PBXResourcesBuildPhase;
			buildActionMask = 2147483647;
			files = (
			);
			runOnlyForDeploymentPostprocessing = 0;
		};
/* End PBXResourcesBuildPhase section */

/* Begin PBXShellScriptBuildPhase section */
		77A8139EDFDC82ECD4B7A1D6 /* Check Pods Manifest.lock */ = {
			isa = PBXShellScriptBuildPhase;
			buildActionMask = 2147483647;
			files = (
			);
			inputPaths = (
			);
			name = "Check Pods Manifest.lock";
			outputPaths = (
			);
			runOnlyForDeploymentPostprocessing = 0;
			shellPath = /bin/sh;
			shellScript = "diff \"${PODS_ROOT}/../Podfile.lock\" \"${PODS_ROOT}/Manifest.lock\" > /dev/null\nif [[ $? != 0 ]] ; then\n    cat << EOM\nerror: The sandbox is not in sync with the Podfile.lock. Run 'pod install' or update your CocoaPods installation.\nEOM\n    exit 1\nfi\n";
			showEnvVarsInLog = 0;
		};
		EDB1B2F41AF68B0602A362EA /* Copy Pods Resources */ = {
			isa = PBXShellScriptBuildPhase;
			buildActionMask = 2147483647;
			files = (
			);
			inputPaths = (
			);
			name = "Copy Pods Resources";
			outputPaths = (
			);
			runOnlyForDeploymentPostprocessing = 0;
			shellPath = /bin/sh;
			shellScript = "\"${SRCROOT}/Pods/Target Support Files/Pods-PizzaRella/Pods-PizzaRella-resources.sh\"\n";
			showEnvVarsInLog = 0;
		};
		F0F3D7450841590CDB287912 /* Embed Pods Frameworks */ = {
			isa = PBXShellScriptBuildPhase;
			buildActionMask = 2147483647;
			files = (
			);
			inputPaths = (
			);
			name = "Embed Pods Frameworks";
			outputPaths = (
			);
			runOnlyForDeploymentPostprocessing = 0;
			shellPath = /bin/sh;
			shellScript = "\"${SRCROOT}/Pods/Target Support Files/Pods-PizzaRella/Pods-PizzaRella-frameworks.sh\"\n";
			showEnvVarsInLog = 0;
		};
/* End PBXShellScriptBuildPhase section */

/* Begin PBXSourcesBuildPhase section */
		22A642881BAD4DA8002B6A4D /* Sources */ = {
			isa = PBXSourcesBuildPhase;
			buildActionMask = 2147483647;
			files = (
				22A642921BAD4DA8002B6A4D /* ViewController.swift in Sources */,
				22A642901BAD4DA8002B6A4D /* AppDelegate.swift in Sources */,
				221AEED71BB3841E006F19A9 /* Enum.swift in Sources */,
				221AEED41BB3841E006F19A9 /* PizzaConsumerModel.swift in Sources */,
				221AEED51BB3841E006F19A9 /* FoodModel.swift in Sources */,
				22B2CD971BB503BD00719E1D /* LoginForm.swift in Sources */,
				221AEED61BB3841E006F19A9 /* PizzaModel.swift in Sources */,
				221AEED31BB3841E006F19A9 /* ConsumerModel.swift in Sources */,
				22B2CD951BB4F97E00719E1D /* PizzaBackEnd.swift in Sources */,
				22B2CD991BB5044600719E1D /* SignUpForm.swift in Sources */,
				221AEEC91BB38405006F19A9 /* Constants.swift in Sources */,
				3EC1E664364D341DB673FEE7 /* SimulateBackendServices.swift in Sources */,
				3EC1E015ABFEB04E5A0D89A4 /* BackEndMockObject.swift in Sources */,
			);
			runOnlyForDeploymentPostprocessing = 0;
		};
		22A6429C1BAD4DA8002B6A4D /* Sources */ = {
			isa = PBXSourcesBuildPhase;
			buildActionMask = 2147483647;
			files = (
				22A642A51BAD4DA8002B6A4D /* PizzaRellaTests.swift in Sources */,
			);
			runOnlyForDeploymentPostprocessing = 0;
		};
		22A642A71BAD4DA8002B6A4D /* Sources */ = {
			isa = PBXSourcesBuildPhase;
			buildActionMask = 2147483647;
			files = (
				22A642B01BAD4DA8002B6A4D /* PizzaRellaUITests.swift in Sources */,
			);
			runOnlyForDeploymentPostprocessing = 0;
		};
/* End PBXSourcesBuildPhase section */

/* Begin PBXTargetDependency section */
		22A642A21BAD4DA8002B6A4D /* PBXTargetDependency */ = {
			isa = PBXTargetDependency;
			target = 22A6428B1BAD4DA8002B6A4D /* PizzaRella */;
			targetProxy = 22A642A11BAD4DA8002B6A4D /* PBXContainerItemProxy */;
		};
		22A642AD1BAD4DA8002B6A4D /* PBXTargetDependency */ = {
			isa = PBXTargetDependency;
			target = 22A6428B1BAD4DA8002B6A4D /* PizzaRella */;
			targetProxy = 22A642AC1BAD4DA8002B6A4D /* PBXContainerItemProxy */;
		};
/* End PBXTargetDependency section */

/* Begin PBXVariantGroup section */
		22A642931BAD4DA8002B6A4D /* Main.storyboard */ = {
			isa = PBXVariantGroup;
			children = (
				22A642941BAD4DA8002B6A4D /* Base */,
			);
			name = Main.storyboard;
			sourceTree = "<group>";
		};
		22A642981BAD4DA8002B6A4D /* LaunchScreen.storyboard */ = {
			isa = PBXVariantGroup;
			children = (
				22A642991BAD4DA8002B6A4D /* Base */,
			);
			name = LaunchScreen.storyboard;
			sourceTree = "<group>";
		};
/* End PBXVariantGroup section */

/* Begin XCBuildConfiguration section */
		22A642B21BAD4DA8002B6A4D /* Debug */ = {
			isa = XCBuildConfiguration;
			buildSettings = {
				ALWAYS_SEARCH_USER_PATHS = NO;
				CLANG_CXX_LANGUAGE_STANDARD = "gnu++0x";
				CLANG_CXX_LIBRARY = "libc++";
				CLANG_ENABLE_MODULES = YES;
				CLANG_ENABLE_OBJC_ARC = YES;
				CLANG_WARN_BOOL_CONVERSION = YES;
				CLANG_WARN_CONSTANT_CONVERSION = YES;
				CLANG_WARN_DIRECT_OBJC_ISA_USAGE = YES_ERROR;
				CLANG_WARN_EMPTY_BODY = YES;
				CLANG_WARN_ENUM_CONVERSION = YES;
				CLANG_WARN_INT_CONVERSION = YES;
				CLANG_WARN_OBJC_ROOT_CLASS = YES_ERROR;
				CLANG_WARN_UNREACHABLE_CODE = YES;
				CLANG_WARN__DUPLICATE_METHOD_MATCH = YES;
				"CODE_SIGN_IDENTITY[sdk=iphoneos*]" = "iPhone Developer";
				COPY_PHASE_STRIP = NO;
				DEBUG_INFORMATION_FORMAT = dwarf;
				ENABLE_STRICT_OBJC_MSGSEND = YES;
				ENABLE_TESTABILITY = YES;
				GCC_C_LANGUAGE_STANDARD = gnu99;
				GCC_DYNAMIC_NO_PIC = NO;
				GCC_NO_COMMON_BLOCKS = YES;
				GCC_OPTIMIZATION_LEVEL = 0;
				GCC_PREPROCESSOR_DEFINITIONS = (
					"DEBUG=1",
					"$(inherited)",
				);
				GCC_WARN_64_TO_32_BIT_CONVERSION = YES;
				GCC_WARN_ABOUT_RETURN_TYPE = YES_ERROR;
				GCC_WARN_UNDECLARED_SELECTOR = YES;
				GCC_WARN_UNINITIALIZED_AUTOS = YES_AGGRESSIVE;
				GCC_WARN_UNUSED_FUNCTION = YES;
				GCC_WARN_UNUSED_VARIABLE = YES;
				IPHONEOS_DEPLOYMENT_TARGET = 9.0;
				MTL_ENABLE_DEBUG_INFO = YES;
				ONLY_ACTIVE_ARCH = YES;
				SDKROOT = iphoneos;
				SWIFT_OPTIMIZATION_LEVEL = "-Onone";
			};
			name = Debug;
		};
		22A642B31BAD4DA8002B6A4D /* Release */ = {
			isa = XCBuildConfiguration;
			buildSettings = {
				ALWAYS_SEARCH_USER_PATHS = NO;
				CLANG_CXX_LANGUAGE_STANDARD = "gnu++0x";
				CLANG_CXX_LIBRARY = "libc++";
				CLANG_ENABLE_MODULES = YES;
				CLANG_ENABLE_OBJC_ARC = YES;
				CLANG_WARN_BOOL_CONVERSION = YES;
				CLANG_WARN_CONSTANT_CONVERSION = YES;
				CLANG_WARN_DIRECT_OBJC_ISA_USAGE = YES_ERROR;
				CLANG_WARN_EMPTY_BODY = YES;
				CLANG_WARN_ENUM_CONVERSION = YES;
				CLANG_WARN_INT_CONVERSION = YES;
				CLANG_WARN_OBJC_ROOT_CLASS = YES_ERROR;
				CLANG_WARN_UNREACHABLE_CODE = YES;
				CLANG_WARN__DUPLICATE_METHOD_MATCH = YES;
				"CODE_SIGN_IDENTITY[sdk=iphoneos*]" = "iPhone Developer";
				COPY_PHASE_STRIP = NO;
				DEBUG_INFORMATION_FORMAT = "dwarf-with-dsym";
				ENABLE_NS_ASSERTIONS = NO;
				ENABLE_STRICT_OBJC_MSGSEND = YES;
				GCC_C_LANGUAGE_STANDARD = gnu99;
				GCC_NO_COMMON_BLOCKS = YES;
				GCC_WARN_64_TO_32_BIT_CONVERSION = YES;
				GCC_WARN_ABOUT_RETURN_TYPE = YES_ERROR;
				GCC_WARN_UNDECLARED_SELECTOR = YES;
				GCC_WARN_UNINITIALIZED_AUTOS = YES_AGGRESSIVE;
				GCC_WARN_UNUSED_FUNCTION = YES;
				GCC_WARN_UNUSED_VARIABLE = YES;
				IPHONEOS_DEPLOYMENT_TARGET = 9.0;
				MTL_ENABLE_DEBUG_INFO = NO;
				SDKROOT = iphoneos;
				VALIDATE_PRODUCT = YES;
			};
			name = Release;
		};
		22A642B51BAD4DA8002B6A4D /* Debug */ = {
			isa = XCBuildConfiguration;
			baseConfigurationReference = 7A0AECAF31020F770E877489 /* Pods-PizzaRella.debug.xcconfig */;
			buildSettings = {
				ASSETCATALOG_COMPILER_APPICON_NAME = AppIcon;
				INFOPLIST_FILE = PizzaRella/Info.plist;
				LD_RUNPATH_SEARCH_PATHS = "$(inherited) @executable_path/Frameworks";
				PRODUCT_BUNDLE_IDENTIFIER = org.pizza.rella.PizzaRella;
				PRODUCT_NAME = "$(TARGET_NAME)";
			};
			name = Debug;
		};
		22A642B61BAD4DA8002B6A4D /* Release */ = {
			isa = XCBuildConfiguration;
			baseConfigurationReference = 6DEB4BE8617F413089B06A8C /* Pods-PizzaRella.release.xcconfig */;
			buildSettings = {
				ASSETCATALOG_COMPILER_APPICON_NAME = AppIcon;
				INFOPLIST_FILE = PizzaRella/Info.plist;
				LD_RUNPATH_SEARCH_PATHS = "$(inherited) @executable_path/Frameworks";
				PRODUCT_BUNDLE_IDENTIFIER = org.pizza.rella.PizzaRella;
				PRODUCT_NAME = "$(TARGET_NAME)";
			};
			name = Release;
		};
		22A642B81BAD4DA8002B6A4D /* Debug */ = {
			isa = XCBuildConfiguration;
			buildSettings = {
				BUNDLE_LOADER = "$(TEST_HOST)";
				INFOPLIST_FILE = PizzaRellaTests/Info.plist;
				LD_RUNPATH_SEARCH_PATHS = "$(inherited) @executable_path/Frameworks @loader_path/Frameworks";
				PRODUCT_BUNDLE_IDENTIFIER = org.pizza.rella.PizzaRellaTests;
				PRODUCT_NAME = "$(TARGET_NAME)";
				TEST_HOST = "$(BUILT_PRODUCTS_DIR)/PizzaRella.app/PizzaRella";
			};
			name = Debug;
		};
		22A642B91BAD4DA8002B6A4D /* Release */ = {
			isa = XCBuildConfiguration;
			buildSettings = {
				BUNDLE_LOADER = "$(TEST_HOST)";
				INFOPLIST_FILE = PizzaRellaTests/Info.plist;
				LD_RUNPATH_SEARCH_PATHS = "$(inherited) @executable_path/Frameworks @loader_path/Frameworks";
				PRODUCT_BUNDLE_IDENTIFIER = org.pizza.rella.PizzaRellaTests;
				PRODUCT_NAME = "$(TARGET_NAME)";
				TEST_HOST = "$(BUILT_PRODUCTS_DIR)/PizzaRella.app/PizzaRella";
			};
			name = Release;
		};
		22A642BB1BAD4DA8002B6A4D /* Debug */ = {
			isa = XCBuildConfiguration;
			buildSettings = {
				INFOPLIST_FILE = PizzaRellaUITests/Info.plist;
				LD_RUNPATH_SEARCH_PATHS = "$(inherited) @executable_path/Frameworks @loader_path/Frameworks";
				PRODUCT_BUNDLE_IDENTIFIER = org.pizza.rella.PizzaRellaUITests;
				PRODUCT_NAME = "$(TARGET_NAME)";
				TEST_TARGET_NAME = PizzaRella;
				USES_XCTRUNNER = YES;
			};
			name = Debug;
		};
		22A642BC1BAD4DA8002B6A4D /* Release */ = {
			isa = XCBuildConfiguration;
			buildSettings = {
				INFOPLIST_FILE = PizzaRellaUITests/Info.plist;
				LD_RUNPATH_SEARCH_PATHS = "$(inherited) @executable_path/Frameworks @loader_path/Frameworks";
				PRODUCT_BUNDLE_IDENTIFIER = org.pizza.rella.PizzaRellaUITests;
				PRODUCT_NAME = "$(TARGET_NAME)";
				TEST_TARGET_NAME = PizzaRella;
				USES_XCTRUNNER = YES;
			};
			name = Release;
		};
/* End XCBuildConfiguration section */

/* Begin XCConfigurationList section */
		22A642871BAD4DA8002B6A4D /* Build configuration list for PBXProject "PizzaRella" */ = {
			isa = XCConfigurationList;
			buildConfigurations = (
				22A642B21BAD4DA8002B6A4D /* Debug */,
				22A642B31BAD4DA8002B6A4D /* Release */,
			);
			defaultConfigurationIsVisible = 0;
			defaultConfigurationName = Release;
		};
		22A642B41BAD4DA8002B6A4D /* Build configuration list for PBXNativeTarget "PizzaRella" */ = {
			isa = XCConfigurationList;
			buildConfigurations = (
				22A642B51BAD4DA8002B6A4D /* Debug */,
				22A642B61BAD4DA8002B6A4D /* Release */,
			);
			defaultConfigurationIsVisible = 0;
			defaultConfigurationName = Release;
		};
		22A642B71BAD4DA8002B6A4D /* Build configuration list for PBXNativeTarget "PizzaRellaTests" */ = {
			isa = XCConfigurationList;
			buildConfigurations = (
				22A642B81BAD4DA8002B6A4D /* Debug */,
				22A642B91BAD4DA8002B6A4D /* Release */,
			);
			defaultConfigurationIsVisible = 0;
			defaultConfigurationName = Release;
		};
		22A642BA1BAD4DA8002B6A4D /* Build configuration list for PBXNativeTarget "PizzaRellaUITests" */ = {
			isa = XCConfigurationList;
			buildConfigurations = (
				22A642BB1BAD4DA8002B6A4D /* Debug */,
				22A642BC1BAD4DA8002B6A4D /* Release */,
			);
			defaultConfigurationIsVisible = 0;
			defaultConfigurationName = Release;
		};
/* End XCConfigurationList section */
	};
	rootObject = 22A642841BAD4DA8002B6A4D /* Project object */;
}
